
Microsoft Visual Studio Solution File, Format Version 12.00
# Visual Studio Version 16
VisualStudioVersion = 16.0.29102.190
MinimumVisualStudioVersion = 10.0.40219.1
Project("{FAE04EC0-301F-11D3-BF4B-00C04F79EFBC}") = "GottaHaveStandards", "GottaHaveStandards\GottaHaveStandards.csproj", "{8A7D07D8-00BE-4DF7-BDB6-46E26C3797A8}"
EndProject
Global
	GlobalSection(SolutionConfigurationPlatforms) = preSolution
		Debug|Any CPU = Debug|Any CPU
		Release|Any CPU = Release|Any CPU
	EndGlobalSection
	GlobalSection(ProjectConfigurationPlatforms) = postSolution
		{8A7D07D8-00BE-4DF7-BDB6-46E26C3797A8}.Debug|Any CPU.ActiveCfg = Debug|Any CPU
		{8A7D07D8-00BE-4DF7-BDB6-46E26C3797A8}.Debug|Any CPU.Build.0 = Debug|Any CPU
		{8A7D07D8-00BE-4DF7-BDB6-46E26C3797A8}.Release|Any CPU.ActiveCfg = Release|Any CPU
		{8A7D07D8-00BE-4DF7-BDB6-46E26C3797A8}.Release|Any CPU.Build.0 = Release|Any CPU
	EndGlobalSection
	GlobalSection(SolutionProperties) = preSolution
		HideSolutionNode = FALSE
	EndGlobalSection
	GlobalSection(ExtensibilityGlobals) = postSolution
		SolutionGuid = {C714438F-F77C-477C-9FD4-FF95729E0CDF}
	EndGlobalSection
EndGlobal
